// !$*UTF8*$!
{
	archiveVersion = 1;
	classes = {
	};
	objectVersion = 46;
	objects = {

/* Begin PBXBuildFile section */
		33A1D0021C1FFCFB00A947C5 /* AppDelegate.swift in Sources */ = {isa = PBXBuildFile; fileRef = 33A1D0011C1FFCFB00A947C5 /* AppDelegate.swift */; };
		33A1D0071C1FFCFB00A947C5 /* Main.storyboard in Resources */ = {isa = PBXBuildFile; fileRef = 33A1D0051C1FFCFB00A947C5 /* Main.storyboard */; };
		33A1D0091C1FFCFB00A947C5 /* Assets.xcassets in Resources */ = {isa = PBXBuildFile; fileRef = 33A1D0081C1FFCFB00A947C5 /* Assets.xcassets */; };
		33A1D00C1C1FFCFB00A947C5 /* LaunchScreen.storyboard in Resources */ = {isa = PBXBuildFile; fileRef = 33A1D00A1C1FFCFB00A947C5 /* LaunchScreen.storyboard */; };
		33A1D0171C2005C200A947C5 /* demo.json in Resources */ = {isa = PBXBuildFile; fileRef = 33A1D0161C2005C200A947C5 /* demo.json */; };
		33A1D01A1C20F56000A947C5 /* DemoViewController.swift in Sources */ = {isa = PBXBuildFile; fileRef = 33A1D0191C20F56000A947C5 /* DemoViewController.swift */; };
		33C810A01C21347A004BB1C3 /* Cat+Alamofire.swift in Sources */ = {isa = PBXBuildFile; fileRef = 33C8109E1C21347A004BB1C3 /* Cat+Alamofire.swift */; };
		33C810A11C21347A004BB1C3 /* Cat.swift in Sources */ = {isa = PBXBuildFile; fileRef = 33C8109F1C21347A004BB1C3 /* Cat.swift */; };
		C0DF2431CECC8458BD3BEF8A /* Pods.framework in Frameworks */ = {isa = PBXBuildFile; fileRef = EDCE2CB159C108769A8AFD3F /* Pods.framework */; };
/* End PBXBuildFile section */

/* Begin PBXFileReference section */
		33A1CFFE1C1FFCFB00A947C5 /* CatDemo.app */ = {isa = PBXFileReference; explicitFileType = wrapper.application; includeInIndex = 0; path = CatDemo.app; sourceTree = BUILT_PRODUCTS_DIR; };
		33A1D0011C1FFCFB00A947C5 /* AppDelegate.swift */ = {isa = PBXFileReference; lastKnownFileType = sourcecode.swift; path = AppDelegate.swift; sourceTree = "<group>"; };
		33A1D0061C1FFCFB00A947C5 /* Base */ = {isa = PBXFileReference; lastKnownFileType = file.storyboard; name = Base; path = Base.lproj/Main.storyboard; sourceTree = "<group>"; };
		33A1D0081C1FFCFB00A947C5 /* Assets.xcassets */ = {isa = PBXFileReference; lastKnownFileType = folder.assetcatalog; path = Assets.xcassets; sourceTree = "<group>"; };
		33A1D00B1C1FFCFB00A947C5 /* Base */ = {isa = PBXFileReference; lastKnownFileType = file.storyboard; name = Base; path = Base.lproj/LaunchScreen.storyboard; sourceTree = "<group>"; };
		33A1D00D1C1FFCFB00A947C5 /* Info.plist */ = {isa = PBXFileReference; lastKnownFileType = text.plist.xml; path = Info.plist; sourceTree = "<group>"; };
		33A1D0161C2005C200A947C5 /* demo.json */ = {isa = PBXFileReference; fileEncoding = 4; lastKnownFileType = text.json; path = demo.json; sourceTree = "<group>"; };
		33A1D0191C20F56000A947C5 /* DemoViewController.swift */ = {isa = PBXFileReference; fileEncoding = 4; lastKnownFileType = sourcecode.swift; path = DemoViewController.swift; sourceTree = "<group>"; };
		33C8109E1C21347A004BB1C3 /* Cat+Alamofire.swift */ = {isa = PBXFileReference; fileEncoding = 4; lastKnownFileType = sourcecode.swift; path = "Cat+Alamofire.swift"; sourceTree = "<group>"; };
		33C8109F1C21347A004BB1C3 /* Cat.swift */ = {isa = PBXFileReference; fileEncoding = 4; lastKnownFileType = sourcecode.swift; path = Cat.swift; sourceTree = "<group>"; };
		7590501AEA78ACD92A0F5A4C /* Pods.debug.xcconfig */ = {isa = PBXFileReference; includeInIndex = 1; lastKnownFileType = text.xcconfig; name = Pods.debug.xcconfig; path = "Pods/Target Support Files/Pods/Pods.debug.xcconfig"; sourceTree = "<group>"; };
		EDCE2CB159C108769A8AFD3F /* Pods.framework */ = {isa = PBXFileReference; explicitFileType = wrapper.framework; includeInIndex = 0; path = Pods.framework; sourceTree = BUILT_PRODUCTS_DIR; };
		FD30212FA2E248BA51E030A3 /* Pods.release.xcconfig */ = {isa = PBXFileReference; includeInIndex = 1; lastKnownFileType = text.xcconfig; name = Pods.release.xcconfig; path = "Pods/Target Support Files/Pods/Pods.release.xcconfig"; sourceTree = "<group>"; };
/* End PBXFileReference section */

/* Begin PBXFrameworksBuildPhase section */
		33A1CFFB1C1FFCFB00A947C5 /* Frameworks */ = {
			isa = PBXFrameworksBuildPhase;
			buildActionMask = 2147483647;
			files = (
				C0DF2431CECC8458BD3BEF8A /* Pods.framework in Frameworks */,
			);
			runOnlyForDeploymentPostprocessing = 0;
		};
/* End PBXFrameworksBuildPhase section */

/* Begin PBXGroup section */
		33A1CFF51C1FFCFA00A947C5 = {
			isa = PBXGroup;
			children = (
				33A1D0001C1FFCFB00A947C5 /* CatDemo */,
				33A1CFFF1C1FFCFB00A947C5 /* Products */,
				3D7D391752F1241A55482027 /* Pods */,
				EB2BEDEEF80347332823672F /* Frameworks */,
			);
			sourceTree = "<group>";
		};
		33A1CFFF1C1FFCFB00A947C5 /* Products */ = {
			isa = PBXGroup;
			children = (
				33A1CFFE1C1FFCFB00A947C5 /* CatDemo.app */,
			);
			name = Products;
			sourceTree = "<group>";
		};
		33A1D0001C1FFCFB00A947C5 /* CatDemo */ = {
			isa = PBXGroup;
			children = (
				33C8109D1C21347A004BB1C3 /* Cat */,
				33A1D0161C2005C200A947C5 /* demo.json */,
				33A1D0191C20F56000A947C5 /* DemoViewController.swift */,
				33A1D0051C1FFCFB00A947C5 /* Main.storyboard */,
				33A1D0151C20012F00A947C5 /* other */,
			);
			path = CatDemo;
			sourceTree = "<group>";
		};
		33A1D0151C20012F00A947C5 /* other */ = {
			isa = PBXGroup;
			children = (
				33A1D0011C1FFCFB00A947C5 /* AppDelegate.swift */,
				33A1D0081C1FFCFB00A947C5 /* Assets.xcassets */,
				33A1D00A1C1FFCFB00A947C5 /* LaunchScreen.storyboard */,
				33A1D00D1C1FFCFB00A947C5 /* Info.plist */,
			);
			name = other;
			sourceTree = "<group>";
		};
		33C8109D1C21347A004BB1C3 /* Cat */ = {
			isa = PBXGroup;
			children = (
				33C8109E1C21347A004BB1C3 /* Cat+Alamofire.swift */,
				33C8109F1C21347A004BB1C3 /* Cat.swift */,
			);
			path = Cat;
			sourceTree = "<group>";
		};
		3D7D391752F1241A55482027 /* Pods */ = {
			isa = PBXGroup;
			children = (
				7590501AEA78ACD92A0F5A4C /* Pods.debug.xcconfig */,
				FD30212FA2E248BA51E030A3 /* Pods.release.xcconfig */,
			);
			name = Pods;
			sourceTree = "<group>";
		};
		EB2BEDEEF80347332823672F /* Frameworks */ = {
			isa = PBXGroup;
			children = (
				EDCE2CB159C108769A8AFD3F /* Pods.framework */,
			);
			name = Frameworks;
			sourceTree = "<group>";
		};
/* End PBXGroup section */

/* Begin PBXNativeTarget section */
		33A1CFFD1C1FFCFB00A947C5 /* CatDemo */ = {
			isa = PBXNativeTarget;
			buildConfigurationList = 33A1D0101C1FFCFB00A947C5 /* Build configuration list for PBXNativeTarget "CatDemo" */;
			buildPhases = (
				4E6F482F8075A1D35C19C4CC /* Check Pods Manifest.lock */,
				33A1CFFA1C1FFCFB00A947C5 /* Sources */,
				33A1CFFB1C1FFCFB00A947C5 /* Frameworks */,
				33A1CFFC1C1FFCFB00A947C5 /* Resources */,
				0C29CC3C22499BC7F0AC36FD /* Embed Pods Frameworks */,
				78E56C216A331FA616CA7614 /* Copy Pods Resources */,
			);
			buildRules = (
			);
			dependencies = (
			);
			name = CatDemo;
			productName = CatDemo;
			productReference = 33A1CFFE1C1FFCFB00A947C5 /* CatDemo.app */;
			productType = "com.apple.product-type.application";
		};
/* End PBXNativeTarget section */

/* Begin PBXProject section */
		33A1CFF61C1FFCFA00A947C5 /* Project object */ = {
			isa = PBXProject;
			attributes = {
				LastSwiftUpdateCheck = 0720;
				LastUpgradeCheck = 0720;
				ORGANIZATIONNAME = zhangxi.me;
				TargetAttributes = {
					33A1CFFD1C1FFCFB00A947C5 = {
						CreatedOnToolsVersion = 7.2;
					};
				};
			};
			buildConfigurationList = 33A1CFF91C1FFCFA00A947C5 /* Build configuration list for PBXProject "CatDemo" */;
			compatibilityVersion = "Xcode 3.2";
			developmentRegion = English;
			hasScannedForEncodings = 0;
			knownRegions = (
				en,
				Base,
			);
			mainGroup = 33A1CFF51C1FFCFA00A947C5;
			productRefGroup = 33A1CFFF1C1FFCFB00A947C5 /* Products */;
			projectDirPath = "";
			projectRoot = "";
			targets = (
				33A1CFFD1C1FFCFB00A947C5 /* CatDemo */,
			);
		};
/* End PBXProject section */

/* Begin PBXResourcesBuildPhase section */
		33A1CFFC1C1FFCFB00A947C5 /* Resources */ = {
			isa = PBXResourcesBuildPhase;
			buildActionMask = 2147483647;
			files = (
				33A1D00C1C1FFCFB00A947C5 /* LaunchScreen.storyboard in Resources */,
				33A1D0091C1FFCFB00A947C5 /* Assets.xcassets in Resources */,
				33A1D0171C2005C200A947C5 /* demo.json in Resources */,
				33A1D0071C1FFCFB00A947C5 /* Main.storyboard in Resources */,
			);
			runOnlyForDeploymentPostprocessing = 0;
		};
/* End PBXResourcesBuildPhase section */

/* Begin PBXShellScriptBuildPhase section */
		0C29CC3C22499BC7F0AC36FD /* Embed Pods Frameworks */ = {
			isa = PBXShellScriptBuildPhase;
			buildActionMask = 2147483647;
			files = (
			);
			inputPaths = (
			);
			name = "Embed Pods Frameworks";
			outputPaths = (
			);
			runOnlyForDeploymentPostprocessing = 0;
			shellPath = /bin/sh;
			shellScript = "\"${SRCROOT}/Pods/Target Support Files/Pods/Pods-frameworks.sh\"\n";
			showEnvVarsInLog = 0;
		};
		4E6F482F8075A1D35C19C4CC /* Check Pods Manifest.lock */ = {
			isa = PBXShellScriptBuildPhase;
			buildActionMask = 2147483647;
			files = (
			);
			inputPaths = (
			);
			name = "Check Pods Manifest.lock";
			outputPaths = (
			);
			runOnlyForDeploymentPostprocessing = 0;
			shellPath = /bin/sh;
			shellScript = "diff \"${PODS_ROOT}/../Podfile.lock\" \"${PODS_ROOT}/Manifest.lock\" > /dev/null\nif [[ $? != 0 ]] ; then\n    cat << EOM\nerror: The sandbox is not in sync with the Podfile.lock. Run 'pod install' or update your CocoaPods installation.\nEOM\n    exit 1\nfi\n";
			showEnvVarsInLog = 0;
		};
		78E56C216A331FA616CA7614 /* Copy Pods Resources */ = {
			isa = PBXShellScriptBuildPhase;
			buildActionMask = 2147483647;
			files = (
			);
			inputPaths = (
			);
			name = "Copy Pods Resources";
			outputPaths = (
			);
			runOnlyForDeploymentPostprocessing = 0;
			shellPath = /bin/sh;
			shellScript = "\"${SRCROOT}/Pods/Target Support Files/Pods/Pods-resources.sh\"\n";
			showEnvVarsInLog = 0;
		};
/* End PBXShellScriptBuildPhase section */

/* Begin PBXSourcesBuildPhase section */
		33A1CFFA1C1FFCFB00A947C5 /* Sources */ = {
			isa = PBXSourcesBuildPhase;
			buildActionMask = 2147483647;
			files = (
				33C810A11C21347A004BB1C3 /* Cat.swift in Sources */,
				33A1D01A1C20F56000A947C5 /* DemoViewController.swift in Sources */,
				33A1D0021C1FFCFB00A947C5 /* AppDelegate.swift in Sources */,
				33C810A01C21347A004BB1C3 /* Cat+Alamofire.swift in Sources */,
			);
			runOnlyForDeploymentPostprocessing = 0;
		};
/* End PBXSourcesBuildPhase section */

/* Begin PBXVariantGroup section */
		33A1D0051C1FFCFB00A947C5 /* Main.storyboard */ = {
			isa = PBXVariantGroup;
			children = (
				33A1D0061C1FFCFB00A947C5 /* Base */,
			);
			name = Main.storyboard;
			sourceTree = "<group>";
		};
		33A1D00A1C1FFCFB00A947C5 /* LaunchScreen.storyboard */ = {
			isa = PBXVariantGroup;
			children = (
				33A1D00B1C1FFCFB00A947C5 /* Base */,
			);
			name = LaunchScreen.storyboard;
			sourceTree = "<group>";
		};
/* End PBXVariantGroup section */

/* Begin XCBuildConfiguration section */
		33A1D00E1C1FFCFB00A947C5 /* Debug */ = {
			isa = XCBuildConfiguration;
			buildSettings = {
				ALWAYS_SEARCH_USER_PATHS = NO;
				CLANG_CXX_LANGUAGE_STANDARD = "gnu++0x";
				CLANG_CXX_LIBRARY = "libc++";
				CLANG_ENABLE_MODULES = YES;
				CLANG_ENABLE_OBJC_ARC = YES;
				CLANG_WARN_BOOL_CONVERSION = YES;
				CLANG_WARN_CONSTANT_CONVERSION = YES;
				CLANG_WARN_DIRECT_OBJC_ISA_USAGE = YES_ERROR;
				CLANG_WARN_EMPTY_BODY = YES;
				CLANG_WARN_ENUM_CONVERSION = YES;
				CLANG_WARN_INT_CONVERSION = YES;
				CLANG_WARN_OBJC_ROOT_CLASS = YES_ERROR;
				CLANG_WARN_UNREACHABLE_CODE = YES;
				CLANG_WARN__DUPLICATE_METHOD_MATCH = YES;
				"CODE_SIGN_IDENTITY[sdk=iphoneos*]" = "iPhone Developer";
				COPY_PHASE_STRIP = NO;
				DEBUG_INFORMATION_FORMAT = dwarf;
				ENABLE_STRICT_OBJC_MSGSEND = YES;
				ENABLE_TESTABILITY = YES;
				GCC_C_LANGUAGE_STANDARD = gnu99;
				GCC_DYNAMIC_NO_PIC = NO;
				GCC_NO_COMMON_BLOCKS = YES;
				GCC_OPTIMIZATION_LEVEL = 0;
				GCC_PREPROCESSOR_DEFINITIONS = (
					"DEBUG=1",
					"$(inherited)",
				);
				GCC_WARN_64_TO_32_BIT_CONVERSION = YES;
				GCC_WARN_ABOUT_RETURN_TYPE = YES_ERROR;
				GCC_WARN_UNDECLARED_SELECTOR = YES;
				GCC_WARN_UNINITIALIZED_AUTOS = YES_AGGRESSIVE;
				GCC_WARN_UNUSED_FUNCTION = YES;
				GCC_WARN_UNUSED_VARIABLE = YES;
				IPHONEOS_DEPLOYMENT_TARGET = 9.2;
				MTL_ENABLE_DEBUG_INFO = YES;
				ONLY_ACTIVE_ARCH = YES;
				SDKROOT = iphoneos;
				SWIFT_OPTIMIZATION_LEVEL = "-Onone";
			};
			name = Debug;
		};
		33A1D00F1C1FFCFB00A947C5 /* Release */ = {
			isa = XCBuildConfiguration;
			buildSettings = {
				ALWAYS_SEARCH_USER_PATHS = NO;
				CLANG_CXX_LANGUAGE_STANDARD = "gnu++0x";
				CLANG_CXX_LIBRARY = "libc++";
				CLANG_ENABLE_MODULES = YES;
				CLANG_ENABLE_OBJC_ARC = YES;
				CLANG_WARN_BOOL_CONVERSION = YES;
				CLANG_WARN_CONSTANT_CONVERSION = YES;
				CLANG_WARN_DIRECT_OBJC_ISA_USAGE = YES_ERROR;
				CLANG_WARN_EMPTY_BODY = YES;
				CLANG_WARN_ENUM_CONVERSION = YES;
				CLANG_WARN_INT_CONVERSION = YES;
				CLANG_WARN_OBJC_ROOT_CLASS = YES_ERROR;
				CLANG_WARN_UNREACHABLE_CODE = YES;
				CLANG_WARN__DUPLICATE_METHOD_MATCH = YES;
				"CODE_SIGN_IDENTITY[sdk=iphoneos*]" = "iPhone Developer";
				COPY_PHASE_STRIP = NO;
				DEBUG_INFORMATION_FORMAT = "dwarf-with-dsym";
				ENABLE_NS_ASSERTIONS = NO;
				ENABLE_STRICT_OBJC_MSGSEND = YES;
				GCC_C_LANGUAGE_STANDARD = gnu99;
				GCC_NO_COMMON_BLOCKS = YES;
				GCC_WARN_64_TO_32_BIT_CONVERSION = YES;
				GCC_WARN_ABOUT_RETURN_TYPE = YES_ERROR;
				GCC_WARN_UNDECLARED_SELECTOR = YES;
				GCC_WARN_UNINITIALIZED_AUTOS = YES_AGGRESSIVE;
				GCC_WARN_UNUSED_FUNCTION = YES;
				GCC_WARN_UNUSED_VARIABLE = YES;
				IPHONEOS_DEPLOYMENT_TARGET = 9.2;
				MTL_ENABLE_DEBUG_INFO = NO;
				SDKROOT = iphoneos;
				VALIDATE_PRODUCT = YES;
			};
			name = Release;
		};
		33A1D0111C1FFCFB00A947C5 /* Debug */ = {
			isa = XCBuildConfiguration;
			baseConfigurationReference = 7590501AEA78ACD92A0F5A4C /* Pods.debug.xcconfig */;
			buildSettings = {
				ASSETCATALOG_COMPILER_APPICON_NAME = AppIcon;
				INFOPLIST_FILE = CatDemo/Info.plist;
				IPHONEOS_DEPLOYMENT_TARGET = 8.0;
				LD_RUNPATH_SEARCH_PATHS = "$(inherited) @executable_path/Frameworks";
				PRODUCT_BUNDLE_IDENTIFIER = me.zhangxi.CatDemo;
				PRODUCT_NAME = "$(TARGET_NAME)";
			};
			name = Debug;
		};
		33A1D0121C1FFCFB00A947C5 /* Release */ = {
			isa = XCBuildConfiguration;
			baseConfigurationReference = FD30212FA2E248BA51E030A3 /* Pods.release.xcconfig */;
			buildSettings = {
				ASSETCATALOG_COMPILER_APPICON_NAME = AppIcon;
				INFOPLIST_FILE = CatDemo/Info.plist;
				IPHONEOS_DEPLOYMENT_TARGET = 8.0;
				LD_RUNPATH_SEARCH_PATHS = "$(inherited) @executable_path/Frameworks";
				PRODUCT_BUNDLE_IDENTIFIER = me.zhangxi.CatDemo;
				PRODUCT_NAME = "$(TARGET_NAME)";
			};
			name = Release;
		};
/* End XCBuildConfiguration section */

/* Begin XCConfigurationList section */
		33A1CFF91C1FFCFA00A947C5 /* Build configuration list for PBXProject "CatDemo" */ = {
			isa = XCConfigurationList;
			buildConfigurations = (
				33A1D00E1C1FFCFB00A947C5 /* Debug */,
				33A1D00F1C1FFCFB00A947C5 /* Release */,
			);
			defaultConfigurationIsVisible = 0;
			defaultConfigurationName = Release;
		};
		33A1D0101C1FFCFB00A947C5 /* Build configuration list for PBXNativeTarget "CatDemo" */ = {
			isa = XCConfigurationList;
			buildConfigurations = (
				33A1D0111C1FFCFB00A947C5 /* Debug */,
				33A1D0121C1FFCFB00A947C5 /* Release */,
			);
			defaultConfigurationIsVisible = 0;
			defaultConfigurationName = Release;
		};
/* End XCConfigurationList section */
	};
	rootObject = 33A1CFF61C1FFCFA00A947C5 /* Project object */;
}
